// !$*UTF8*$!
{
	archiveVersion = 1;
	classes = {
	};
	objectVersion = 50;
	objects = {

/* Begin PBXBuildFile section */
		0EBC364A2701C32500E990F5 /* AppDelegate.swift in Sources */ = {isa = PBXBuildFile; fileRef = 0EBC36492701C32500E990F5 /* AppDelegate.swift */; };
		0EBC364C2701C32500E990F5 /* SceneDelegate.swift in Sources */ = {isa = PBXBuildFile; fileRef = 0EBC364B2701C32500E990F5 /* SceneDelegate.swift */; };
		0EBC364E2701C32500E990F5 /* ViewController.swift in Sources */ = {isa = PBXBuildFile; fileRef = 0EBC364D2701C32500E990F5 /* ViewController.swift */; };
		0EBC36512701C32500E990F5 /* Main.storyboard in Resources */ = {isa = PBXBuildFile; fileRef = 0EBC364F2701C32500E990F5 /* Main.storyboard */; };
		0EBC36532701C33200E990F5 /* Assets.xcassets in Resources */ = {isa = PBXBuildFile; fileRef = 0EBC36522701C33200E990F5 /* Assets.xcassets */; };
		0EBC36562701C33200E990F5 /* LaunchScreen.storyboard in Resources */ = {isa = PBXBuildFile; fileRef = 0EBC36542701C33200E990F5 /* LaunchScreen.storyboard */; };
		0EBC365F2701C83300E990F5 /* cellTableViewCell.swift in Sources */ = {isa = PBXBuildFile; fileRef = 0EBC365D2701C83300E990F5 /* cellTableViewCell.swift */; };
		0EBC36602701C83300E990F5 /* cellTableViewCell.xib in Resources */ = {isa = PBXBuildFile; fileRef = 0EBC365E2701C83300E990F5 /* cellTableViewCell.xib */; };
/* End PBXBuildFile section */

/* Begin PBXFileReference section */
		0EBC36462701C32500E990F5 /* swipeGesture.app */ = {isa = PBXFileReference; explicitFileType = wrapper.application; includeInIndex = 0; path = swipeGesture.app; sourceTree = BUILT_PRODUCTS_DIR; };
		0EBC36492701C32500E990F5 /* AppDelegate.swift */ = {isa = PBXFileReference; lastKnownFileType = sourcecode.swift; path = AppDelegate.swift; sourceTree = "<group>"; };
		0EBC364B2701C32500E990F5 /* SceneDelegate.swift */ = {isa = PBXFileReference; lastKnownFileType = sourcecode.swift; path = SceneDelegate.swift; sourceTree = "<group>"; };
		0EBC364D2701C32500E990F5 /* ViewController.swift */ = {isa = PBXFileReference; lastKnownFileType = sourcecode.swift; path = ViewController.swift; sourceTree = "<group>"; };
		0EBC36502701C32500E990F5 /* Base */ = {isa = PBXFileReference; lastKnownFileType = file.storyboard; name = Base; path = Base.lproj/Main.storyboard; sourceTree = "<group>"; };
		0EBC36522701C33200E990F5 /* Assets.xcassets */ = {isa = PBXFileReference; lastKnownFileType = folder.assetcatalog; path = Assets.xcassets; sourceTree = "<group>"; };
		0EBC36552701C33200E990F5 /* Base */ = {isa = PBXFileReference; lastKnownFileType = file.storyboard; name = Base; path = Base.lproj/LaunchScreen.storyboard; sourceTree = "<group>"; };
		0EBC36572701C33200E990F5 /* Info.plist */ = {isa = PBXFileReference; lastKnownFileType = text.plist.xml; path = Info.plist; sourceTree = "<group>"; };
		0EBC365D2701C83300E990F5 /* cellTableViewCell.swift */ = {isa = PBXFileReference; lastKnownFileType = sourcecode.swift; path = cellTableViewCell.swift; sourceTree = "<group>"; };
		0EBC365E2701C83300E990F5 /* cellTableViewCell.xib */ = {isa = PBXFileReference; lastKnownFileType = file.xib; path = cellTableViewCell.xib; sourceTree = "<group>"; };
/* End PBXFileReference section */

/* Begin PBXFrameworksBuildPhase section */
		0EBC36432701C32500E990F5 /* Frameworks */ = {
			isa = PBXFrameworksBuildPhase;
			buildActionMask = 2147483647;
			files = (
			);
			runOnlyForDeploymentPostprocessing = 0;
		};
/* End PBXFrameworksBuildPhase section */

/* Begin PBXGroup section */
		0EBC363D2701C32500E990F5 = {
			isa = PBXGroup;
			children = (
				0EBC36482701C32500E990F5 /* swipeGesture */,
				0EBC36472701C32500E990F5 /* Products */,
			);
			sourceTree = "<group>";
		};
		0EBC36472701C32500E990F5 /* Products */ = {
			isa = PBXGroup;
			children = (
				0EBC36462701C32500E990F5 /* swipeGesture.app */,
			);
			name = Products;
			sourceTree = "<group>";
		};
		0EBC36482701C32500E990F5 /* swipeGesture */ = {
			isa = PBXGroup;
			children = (
				0EBC36492701C32500E990F5 /* AppDelegate.swift */,
				0EBC364B2701C32500E990F5 /* SceneDelegate.swift */,
				0EBC364D2701C32500E990F5 /* ViewController.swift */,
				0EBC364F2701C32500E990F5 /* Main.storyboard */,
				0EBC36522701C33200E990F5 /* Assets.xcassets */,
				0EBC36542701C33200E990F5 /* LaunchScreen.storyboard */,
				0EBC36572701C33200E990F5 /* Info.plist */,
				0EBC365D2701C83300E990F5 /* cellTableViewCell.swift */,
				0EBC365E2701C83300E990F5 /* cellTableViewCell.xib */,
			);
			path = swipeGesture;
			sourceTree = "<group>";
		};
/* End PBXGroup section */

/* Begin PBXNativeTarget section */
		0EBC36452701C32500E990F5 /* swipeGesture */ = {
			isa = PBXNativeTarget;
			buildConfigurationList = 0EBC365A2701C33200E990F5 /* Build configuration list for PBXNativeTarget "swipeGesture" */;
			buildPhases = (
				0EBC36422701C32500E990F5 /* Sources */,
				0EBC36432701C32500E990F5 /* Frameworks */,
				0EBC36442701C32500E990F5 /* Resources */,
			);
			buildRules = (
			);
			dependencies = (
			);
			name = swipeGesture;
			productName = swipeGesture;
			productReference = 0EBC36462701C32500E990F5 /* swipeGesture.app */;
			productType = "com.apple.product-type.application";
		};
/* End PBXNativeTarget section */

/* Begin PBXProject section */
		0EBC363E2701C32500E990F5 /* Project object */ = {
			isa = PBXProject;
			attributes = {
				LastSwiftUpdateCheck = 1170;
				LastUpgradeCheck = 1170;
				ORGANIZATIONNAME = walid;
				TargetAttributes = {
					0EBC36452701C32500E990F5 = {
						CreatedOnToolsVersion = 11.7;
					};
				};
			};
			buildConfigurationList = 0EBC36412701C32500E990F5 /* Build configuration list for PBXProject "swipeGesture" */;
			compatibilityVersion = "Xcode 9.3";
			developmentRegion = en;
			hasScannedForEncodings = 0;
			knownRegions = (
				en,
				Base,
			);
			mainGroup = 0EBC363D2701C32500E990F5;
			productRefGroup = 0EBC36472701C32500E990F5 /* Products */;
			projectDirPath = "";
			projectRoot = "";
			targets = (
				0EBC36452701C32500E990F5 /* swipeGesture */,
			);
		};
/* End PBXProject section */

/* Begin PBXResourcesBuildPhase section */
		0EBC36442701C32500E990F5 /* Resources */ = {
			isa = PBXResourcesBuildPhase;
			buildActionMask = 2147483647;
			files = (
				0EBC36562701C33200E990F5 /* LaunchScreen.storyboard in Resources */,
				0EBC36602701C83300E990F5 /* cellTableViewCell.xib in Resources */,
				0EBC36532701C33200E990F5 /* Assets.xcassets in Resources */,
				0EBC36512701C32500E990F5 /* Main.storyboard in Resources */,
			);
			runOnlyForDeploymentPostprocessing = 0;
		};
/* End PBXResourcesBuildPhase section */

/* Begin PBXSourcesBuildPhase section */
		0EBC36422701C32500E990F5 /* Sources */ = {
			isa = PBXSourcesBuildPhase;
			buildActionMask = 2147483647;
			files = (
				0EBC364E2701C32500E990F5 /* ViewController.swift in Sources */,
				0EBC365F2701C83300E990F5 /* cellTableViewCell.swift in Sources */,
				0EBC364A2701C32500E990F5 /* AppDelegate.swift in Sources */,
				0EBC364C2701C32500E990F5 /* SceneDelegate.swift in Sources */,
			);
			runOnlyForDeploymentPostprocessing = 0;
		};
/* End PBXSourcesBuildPhase section */

/* Begin PBXVariantGroup section */
		0EBC364F2701C32500E990F5 /* Main.storyboard */ = {
			isa = PBXVariantGroup;
			children = (
				0EBC36502701C32500E990F5 /* Base */,
			);
			name = Main.storyboard;
			sourceTree = "<group>";
		};
		0EBC36542701C33200E990F5 /* LaunchScreen.storyboard */ = {
			isa = PBXVariantGroup;
			children = (
				0EBC36552701C33200E990F5 /* Base */,
			);
			name = LaunchScreen.storyboard;
			sourceTree = "<group>";
		};
/* End PBXVariantGroup section */

/* Begin XCBuildConfiguration section */
		0EBC36582701C33200E990F5 /* Debug */ = {
			isa = XCBuildConfiguration;
			buildSettings = {
				ALWAYS_SEARCH_USER_PATHS = NO;
				CLANG_ANALYZER_NONNULL = YES;
				CLANG_ANALYZER_NUMBER_OBJECT_CONVERSION = YES_AGGRESSIVE;
				CLANG_CXX_LANGUAGE_STANDARD = "gnu++14";
				CLANG_CXX_LIBRARY = "libc++";
				CLANG_ENABLE_MODULES = YES;
				CLANG_ENABLE_OBJC_ARC = YES;
				CLANG_ENABLE_OBJC_WEAK = YES;
				CLANG_WARN_BLOCK_CAPTURE_AUTORELEASING = YES;
				CLANG_WARN_BOOL_CONVERSION = YES;
				CLANG_WARN_COMMA = YES;
				CLANG_WARN_CONSTANT_CONVERSION = YES;
				CLANG_WARN_DEPRECATED_OBJC_IMPLEMENTATIONS = YES;
				CLANG_WARN_DIRECT_OBJC_ISA_USAGE = YES_ERROR;
				CLANG_WARN_DOCUMENTATION_COMMENTS = YES;
				CLANG_WARN_EMPTY_BODY = YES;
				CLANG_WARN_ENUM_CONVERSION = YES;
				CLANG_WARN_INFINITE_RECURSION = YES;
				CLANG_WARN_INT_CONVERSION = YES;
				CLANG_WARN_NON_LITERAL_NULL_CONVERSION = YES;
				CLANG_WARN_OBJC_IMPLICIT_RETAIN_SELF = YES;
				CLANG_WARN_OBJC_LITERAL_CONVERSION = YES;
				CLANG_WARN_OBJC_ROOT_CLASS = YES_ERROR;
				CLANG_WARN_RANGE_LOOP_ANALYSIS = YES;
				CLANG_WARN_STRICT_PROTOTYPES = YES;
				CLANG_WARN_SUSPICIOUS_MOVE = YES;
				CLANG_WARN_UNGUARDED_AVAILABILITY = YES_AGGRESSIVE;
				CLANG_WARN_UNREACHABLE_CODE = YES;
				CLANG_WARN__DUPLICATE_METHOD_MATCH = YES;
				COPY_PHASE_STRIP = NO;
				DEBUG_INFORMATION_FORMAT = dwarf;
				ENABLE_STRICT_OBJC_MSGSEND = YES;
				ENABLE_TESTABILITY = YES;
				GCC_C_LANGUAGE_STANDARD = gnu11;
				GCC_DYNAMIC_NO_PIC = NO;
				GCC_NO_COMMON_BLOCKS = YES;
				GCC_OPTIMIZATION_LEVEL = 0;
				GCC_PREPROCESSOR_DEFINITIONS = (
					"DEBUG=1",
					"$(inherited)",
				);
				GCC_WARN_64_TO_32_BIT_CONVERSION = YES;
				GCC_WARN_ABOUT_RETURN_TYPE = YES_ERROR;
				GCC_WARN_UNDECLARED_SELECTOR = YES;
				GCC_WARN_UNINITIALIZED_AUTOS = YES_AGGRESSIVE;
				GCC_WARN_UNUSED_FUNCTION = YES;
				GCC_WARN_UNUSED_VARIABLE = YES;
				IPHONEOS_DEPLOYMENT_TARGET = 13.7;
				MTL_ENABLE_DEBUG_INFO = INCLUDE_SOURCE;
				MTL_FAST_MATH = YES;
				ONLY_ACTIVE_ARCH = YES;
				SDKROOT = iphoneos;
				SWIFT_ACTIVE_COMPILATION_CONDITIONS = DEBUG;
				SWIFT_OPTIMIZATION_LEVEL = "-Onone";
			};
			name = Debug;
		};
		0EBC36592701C33200E990F5 /* Release */ = {
			isa = XCBuildConfiguration;
			buildSettings = {
				ALWAYS_SEARCH_USER_PATHS = NO;
				CLANG_ANALYZER_NONNULL = YES;
				CLANG_ANALYZER_NUMBER_OBJECT_CONVERSION = YES_AGGRESSIVE;
				CLANG_CXX_LANGUAGE_STANDARD = "gnu++14";
				CLANG_CXX_LIBRARY = "libc++";
				CLANG_ENABLE_MODULES = YES;
				CLANG_ENABLE_OBJC_ARC = YES;
				CLANG_ENABLE_OBJC_WEAK = YES;
				CLANG_WARN_BLOCK_CAPTURE_AUTORELEASING = YES;
				CLANG_WARN_BOOL_CONVERSION = YES;
				CLANG_WARN_COMMA = YES;
				CLANG_WARN_CONSTANT_CONVERSION = YES;
				CLANG_WARN_DEPRECATED_OBJC_IMPLEMENTATIONS = YES;
				CLANG_WARN_DIRECT_OBJC_ISA_USAGE = YES_ERROR;
				CLANG_WARN_DOCUMENTATION_COMMENTS = YES;
				CLANG_WARN_EMPTY_BODY = YES;
				CLANG_WARN_ENUM_CONVERSION = YES;
				CLANG_WARN_INFINITE_RECURSION = YES;
				CLANG_WARN_INT_CONVERSION = YES;
				CLANG_WARN_NON_LITERAL_NULL_CONVERSION = YES;
				CLANG_WARN_OBJC_IMPLICIT_RETAIN_SELF = YES;
				CLANG_WARN_OBJC_LITERAL_CONVERSION = YES;
				CLANG_WARN_OBJC_ROOT_CLASS = YES_ERROR;
				CLANG_WARN_RANGE_LOOP_ANALYSIS = YES;
				CLANG_WARN_STRICT_PROTOTYPES = YES;
				CLANG_WARN_SUSPICIOUS_MOVE = YES;
				CLANG_WARN_UNGUARDED_AVAILABILITY = YES_AGGRESSIVE;
				CLANG_WARN_UNREACHABLE_CODE = YES;
				CLANG_WARN__DUPLICATE_METHOD_MATCH = YES;
				COPY_PHASE_STRIP = NO;
				DEBUG_INFORMATION_FORMAT = "dwarf-with-dsym";
				ENABLE_NS_ASSERTIONS = NO;
				ENABLE_STRICT_OBJC_MSGSEND = YES;
				GCC_C_LANGUAGE_STANDARD = gnu11;
				GCC_NO_COMMON_BLOCKS = YES;
				GCC_WARN_64_TO_32_BIT_CONVERSION = YES;
				GCC_WARN_ABOUT_RETURN_TYPE = YES_ERROR;
				GCC_WARN_UNDECLARED_SELECTOR = YES;
				GCC_WARN_UNINITIALIZED_AUTOS = YES_AGGRESSIVE;
				GCC_WARN_UNUSED_FUNCTION = YES;
				GCC_WARN_UNUSED_VARIABLE = YES;
				IPHONEOS_DEPLOYMENT_TARGET = 13.7;
				MTL_ENABLE_DEBUG_INFO = NO;
				MTL_FAST_MATH = YES;
				SDKROOT = iphoneos;
				SWIFT_COMPILATION_MODE = wholemodule;
				SWIFT_OPTIMIZATION_LEVEL = "-O";
				VALIDATE_PRODUCT = YES;
			};
			name = Release;
		};
		0EBC365B2701C33200E990F5 /* Debug */ = {
			isa = XCBuildConfiguration;
			buildSettings = {
				ASSETCATALOG_COMPILER_APPICON_NAME = AppIcon;
				CODE_SIGN_STYLE = Automatic;
				DEVELOPMENT_TEAM = "";
				INFOPLIST_FILE = swipeGesture/Info.plist;
				LD_RUNPATH_SEARCH_PATHS = (
					"$(inherited)",
					"@executable_path/Frameworks",
				);
				PRODUCT_BUNDLE_IDENTIFIER = com.testproject.swipeGesture;
				PRODUCT_NAME = "$(TARGET_NAME)";
				SWIFT_VERSION = 5.0;
				TARGETED_DEVICE_FAMILY = "1,2";
			};
			name = Debug;
		};
		0EBC365C2701C33200E990F5 /* Release */ = {
			isa = XCBuildConfiguration;
			buildSettings = {
				ASSETCATALOG_COMPILER_APPICON_NAME = AppIcon;
				CODE_SIGN_STYLE = Automatic;
				DEVELOPMENT_TEAM = "";
				INFOPLIST_FILE = swipeGesture/Info.plist;
				LD_RUNPATH_SEARCH_PATHS = (
					"$(inherited)",
					"@executable_path/Frameworks",
				);
				PRODUCT_BUNDLE_IDENTIFIER = com.testproject.swipeGesture;
				PRODUCT_NAME = "$(TARGET_NAME)";
				SWIFT_VERSION = 5.0;
				TARGETED_DEVICE_FAMILY = "1,2";
			};
			name = Release;
		};
/* End XCBuildConfiguration section */

/* Begin XCConfigurationList section */
		0EBC36412701C32500E990F5 /* Build configuration list for PBXProject "swipeGesture" */ = {
			isa = XCConfigurationList;
			buildConfigurations = (
				0EBC36582701C33200E990F5 /* Debug */,
				0EBC36592701C33200E990F5 /* Release */,
			);
			defaultConfigurationIsVisible = 0;
			defaultConfigurationName = Release;
		};
		0EBC365A2701C33200E990F5 /* Build configuration list for PBXNativeTarget "swipeGesture" */ = {
			isa = XCConfigurationList;
			buildConfigurations = (
				0EBC365B2701C33200E990F5 /* Debug */,
				0EBC365C2701C33200E990F5 /* Release */,
			);
			defaultConfigurationIsVisible = 0;
			defaultConfigurationName = Release;
		};
/* End XCConfigurationList section */
	};
	rootObject = 0EBC363E2701C32500E990F5 /* Project object */;
}
